// !$*UTF8*$!
{
	archiveVersion = 1;
	classes = {
	};
	objectVersion = 60;
	objects = {

/* Begin PBXBuildFile section */
		21E9A5582AFDC0CE00673532 /* Settings.bundle in Resources */ = {isa = PBXBuildFile; fileRef = 21E9A5572AFDC0CE00673532 /* Settings.bundle */; };
		8F13E1C225ED533800C3F23D /* ClosestNoteTests.swift in Sources */ = {isa = PBXBuildFile; fileRef = 8F13E1C125ED533800C3F23D /* ClosestNoteTests.swift */; };
		8F3ECD042682821E00415B9F /* Frequency Finder WatchKit Extension.appex in Embed Foundation Extensions */ = {isa = PBXBuildFile; fileRef = 8F3ECD032682821E00415B9F /* Frequency Finder WatchKit Extension.appex */; settings = {ATTRIBUTES = (RemoveHeadersOnCopy, ); }; };
		8F3ECD2E268287AA00415B9F /* MicrophonePitchDetector in Frameworks */ = {isa = PBXBuildFile; productRef = 8F3ECD2D268287AA00415B9F /* MicrophonePitchDetector */; };
		8F848C87269365D30037EF97 /* MatchedNoteViewSnapshotTests.swift in Sources */ = {isa = PBXBuildFile; fileRef = 8F848C86269365D30037EF97 /* MatchedNoteViewSnapshotTests.swift */; };
		8F8F67C525C093640024B4CB /* SnapshotTesting in Frameworks */ = {isa = PBXBuildFile; productRef = 8F8F67C425C093640024B4CB /* SnapshotTesting */; };
		8F8F67CD25C0938F0024B4CB /* TunerViewSnapshotTests.swift in Sources */ = {isa = PBXBuildFile; fileRef = 8F8F67CC25C0938F0024B4CB /* TunerViewSnapshotTests.swift */; };
		8FABB9102683AAD000A7D824 /* Assets.xcassets in Resources */ = {isa = PBXBuildFile; fileRef = 8FB571AC25B72147007C28BC /* Assets.xcassets */; };
		8FB571C125B72147007C28BC /* Assets.xcassets in Resources */ = {isa = PBXBuildFile; fileRef = 8FB571AC25B72147007C28BC /* Assets.xcassets */; };
		8FD5D594267849EF00E5577D /* MicrophonePitchDetector in Frameworks */ = {isa = PBXBuildFile; productRef = 8FD5D593267849EF00E5577D /* MicrophonePitchDetector */; };
		8FE56CDD25BE05D20038664C /* TranspositionTests.swift in Sources */ = {isa = PBXBuildFile; fileRef = 8FE56CDC25BE05D20038664C /* TranspositionTests.swift */; };
		BE0C53172E478C1800E81BB3 /* SpotifyDataPersistence.swift in Sources */ = {isa = PBXBuildFile; fileRef = BE0C52D72E478C1800E81BB3 /* SpotifyDataPersistence.swift */; };
		BE0C53182E478C1800E81BB3 /* Recorder.swift in Sources */ = {isa = PBXBuildFile; fileRef = BE0C52C22E478C1800E81BB3 /* Recorder.swift */; };
		BE0C53192E478C1800E81BB3 /* TunerScreen.swift in Sources */ = {isa = PBXBuildFile; fileRef = BE0C52BE2E478C1800E81BB3 /* TunerScreen.swift */; };
		BE0C531B2E478C1800E81BB3 /* Color+MusicalDistance.swift in Sources */ = {isa = PBXBuildFile; fileRef = BE0C53082E478C1800E81BB3 /* Color+MusicalDistance.swift */; };
		BE0C531C2E478C1800E81BB3 /* SpotifyNetworking.swift in Sources */ = {isa = PBXBuildFile; fileRef = BE0C52D92E478C1800E81BB3 /* SpotifyNetworking.swift */; };
		BE0C531E2E478C1800E81BB3 /* OnboardingView.swift in Sources */ = {isa = PBXBuildFile; fileRef = BE0C53102E478C1800E81BB3 /* OnboardingView.swift */; };
		BE0C531F2E478C1800E81BB3 /* AppDelegate.swift in Sources */ = {isa = PBXBuildFile; fileRef = BE0C52BC2E478C1800E81BB3 /* AppDelegate.swift */; };
		BE0C53202E478C1800E81BB3 /* PitchComparisonBar.swift in Sources */ = {isa = PBXBuildFile; fileRef = BE0C530A2E478C1800E81BB3 /* PitchComparisonBar.swift */; };
		BE0C53212E478C1800E81BB3 /* ScaleNote.swift in Sources */ = {isa = PBXBuildFile; fileRef = BE0C52C72E478C1800E81BB3 /* ScaleNote.swift */; };
		BE0C53222E478C1800E81BB3 /* FrequencyFinder.swift in Sources */ = {isa = PBXBuildFile; fileRef = BE0C52BD2E478C1800E81BB3 /* FrequencyFinder.swift */; };
		BE0C53232E478C1800E81BB3 /* TranspositionMenu.swift in Sources */ = {isa = PBXBuildFile; fileRef = BE0C53132E478C1800E81BB3 /* TranspositionMenu.swift */; };
		BE0C53242E478C1800E81BB3 /* SessionHistoryView.swift in Sources */ = {isa = PBXBuildFile; fileRef = BE0C53112E478C1800E81BB3 /* SessionHistoryView.swift */; };
		BE0C53252E478C1800E81BB3 /* UserProfile.swift in Sources */ = {isa = PBXBuildFile; fileRef = BE0C52CD2E478C1800E81BB3 /* UserProfile.swift */; };
		BE0C53262E478C1800E81BB3 /* MatchedNoteFrequency.swift in Sources */ = {isa = PBXBuildFile; fileRef = BE0C52FD2E478C1800E81BB3 /* MatchedNoteFrequency.swift */; };
		BE0C53272E478C1800E81BB3 /* MatchedNoteView.swift in Sources */ = {isa = PBXBuildFile; fileRef = BE0C52FE2E478C1800E81BB3 /* MatchedNoteView.swift */; };
		BE0C53282E478C1800E81BB3 /* SineWaveView.swift in Sources */ = {isa = PBXBuildFile; fileRef = BE0C530B2E478C1800E81BB3 /* SineWaveView.swift */; };
		BE0C53292E478C1800E81BB3 /* MainNoteView.swift in Sources */ = {isa = PBXBuildFile; fileRef = BE0C52FC2E478C1800E81BB3 /* MainNoteView.swift */; };
		BE0C532A2E478C1800E81BB3 /* SpotifyPlaylistsTabView.swift in Sources */ = {isa = PBXBuildFile; fileRef = BE0C52F32E478C1800E81BB3 /* SpotifyPlaylistsTabView.swift */; };
		BE0C532B2E478C1800E81BB3 /* StatisticsCalculator.swift in Sources */ = {isa = PBXBuildFile; fileRef = BE0C52DE2E478C1800E81BB3 /* StatisticsCalculator.swift */; };
		BE0C532C2E478C1800E81BB3 /* SpotifyAuth.swift in Sources */ = {isa = PBXBuildFile; fileRef = BE0C52D62E478C1800E81BB3 /* SpotifyAuth.swift */; };
		BE0C532D2E478C1800E81BB3 /* WebView.swift in Sources */ = {isa = PBXBuildFile; fileRef = BE0C53142E478C1800E81BB3 /* WebView.swift */; };
		BE0C532E2E478C1800E81BB3 /* FFTDebugView.swift in Sources */ = {isa = PBXBuildFile; fileRef = BE0C530E2E478C1800E81BB3 /* FFTDebugView.swift */; };
		BE0C532F2E478C1800E81BB3 /* TunerView.swift in Sources */ = {isa = PBXBuildFile; fileRef = BE0C53032E478C1800E81BB3 /* TunerView.swift */; };
		BE0C53302E478C1800E81BB3 /* SparklineView.swift in Sources */ = {isa = PBXBuildFile; fileRef = BE0C53122E478C1800E81BB3 /* SparklineView.swift */; };
		BE0C53312E478C1800E81BB3 /* WebReadingPassageViewModel.swift in Sources */ = {isa = PBXBuildFile; fileRef = BE0C52E52E478C1800E81BB3 /* WebReadingPassageViewModel.swift */; };
		BE0C53322E478C1800E81BB3 /* SpotifyRecentTabView.swift in Sources */ = {isa = PBXBuildFile; fileRef = BE0C52F52E478C1800E81BB3 /* SpotifyRecentTabView.swift */; };
		BE0C53332E478C1800E81BB3 /* SpotifyToolbarMenu.swift in Sources */ = {isa = PBXBuildFile; fileRef = BE0C52EF2E478C1800E81BB3 /* SpotifyToolbarMenu.swift */; };
		BE0C53342E478C1800E81BB3 /* ProfileView.swift in Sources */ = {isa = PBXBuildFile; fileRef = BE0C52E12E478C1800E81BB3 /* ProfileView.swift */; };
		BE0C53352E478C1800E81BB3 /* SpotifyArtistsTabView.swift in Sources */ = {isa = PBXBuildFile; fileRef = BE0C52F22E478C1800E81BB3 /* SpotifyArtistsTabView.swift */; };
		BE0C53362E478C1800E81BB3 /* NoteTicks.swift in Sources */ = {isa = PBXBuildFile; fileRef = BE0C53002E478C1800E81BB3 /* NoteTicks.swift */; };
		BE0C53372E478C1800E81BB3 /* ModifierPreference.swift in Sources */ = {isa = PBXBuildFile; fileRef = BE0C52C52E478C1800E81BB3 /* ModifierPreference.swift */; };
		BE0C53382E478C1800E81BB3 /* ReadingPassageWebView.swift in Sources */ = {isa = PBXBuildFile; fileRef = BE0C52E82E478C1800E81BB3 /* ReadingPassageWebView.swift */; };
		BE0C53392E478C1800E81BB3 /* WebReadingPassageSessionView.swift in Sources */ = {isa = PBXBuildFile; fileRef = BE0C52E92E478C1800E81BB3 /* WebReadingPassageSessionView.swift */; };
		BE0C533A2E478C1800E81BB3 /* SpotifyAuthenticationView.swift in Sources */ = {isa = PBXBuildFile; fileRef = BE0C52EC2E478C1800E81BB3 /* SpotifyAuthenticationView.swift */; };
		BE0C533B2E478C1800E81BB3 /* SpotifyTracksTabView.swift in Sources */ = {isa = PBXBuildFile; fileRef = BE0C52F62E478C1800E81BB3 /* SpotifyTracksTabView.swift */; };
		BE0C533C2E478C1800E81BB3 /* NoteDistanceMarkers.swift in Sources */ = {isa = PBXBuildFile; fileRef = BE0C52FF2E478C1800E81BB3 /* NoteDistanceMarkers.swift */; };
		BE0C533D2E478C1800E81BB3 /* MicrophoneAccessAlert.swift in Sources */ = {isa = PBXBuildFile; fileRef = BE0C530F2E478C1800E81BB3 /* MicrophoneAccessAlert.swift */; };
		BE0C53402E478C1800E81BB3 /* UserProfileManager.swift in Sources */ = {isa = PBXBuildFile; fileRef = BE0C52DB2E478C1800E81BB3 /* UserProfileManager.swift */; };
		BE0C53412E478C1800E81BB3 /* SpotifyManager.swift in Sources */ = {isa = PBXBuildFile; fileRef = BE0C52D82E478C1800E81BB3 /* SpotifyManager.swift */; };
		BE0C53422E478C1800E81BB3 /* NoteView.swift in Sources */ = {isa = PBXBuildFile; fileRef = BE0C53012E478C1800E81BB3 /* NoteView.swift */; };
		BE0C53432E478C1800E81BB3 /* SpotifyUIComponents.swift in Sources */ = {isa = PBXBuildFile; fileRef = BE0C52F02E478C1800E81BB3 /* SpotifyUIComponents.swift */; };
		BE0C53442E478C1800E81BB3 /* SpotifyProfileTabView.swift in Sources */ = {isa = PBXBuildFile; fileRef = BE0C52F42E478C1800E81BB3 /* SpotifyProfileTabView.swift */; };
		BE0C53452E478C1800E81BB3 /* SpotifyModels.swift in Sources */ = {isa = PBXBuildFile; fileRef = BE0C52CA2E478C1800E81BB3 /* SpotifyModels.swift */; };
		BE0C53462E478C1800E81BB3 /* NoteMatcher.swift in Sources */ = {isa = PBXBuildFile; fileRef = BE0C52C62E478C1800E81BB3 /* NoteMatcher.swift */; };
		BE0C53472E478C1800E81BB3 /* SpotifyDataTabView.swift in Sources */ = {isa = PBXBuildFile; fileRef = BE0C52EE2E478C1800E81BB3 /* SpotifyDataTabView.swift */; };
		BE0C53482E478C1800E81BB3 /* PitchTracker.swift in Sources */ = {isa = PBXBuildFile; fileRef = BE0C52C12E478C1800E81BB3 /* PitchTracker.swift */; };
		BE0C53492E478C1800E81BB3 /* Alignment.swift in Sources */ = {isa = PBXBuildFile; fileRef = BE0C53072E478C1800E81BB3 /* Alignment.swift */; };
		BE0C534A2E478C1800E81BB3 /* ReadingPassage.swift in Sources */ = {isa = PBXBuildFile; fileRef = BE0C52CC2E478C1800E81BB3 /* ReadingPassage.swift */; };
		BE0C534B2E478C1800E81BB3 /* SpotifyView.swift in Sources */ = {isa = PBXBuildFile; fileRef = BE0C52F72E478C1800E81BB3 /* SpotifyView.swift */; };
		BE0C534C2E478C1800E81BB3 /* F0TrendChartView.swift in Sources */ = {isa = PBXBuildFile; fileRef = BE0C530D2E478C1800E81BB3 /* F0TrendChartView.swift */; };
		BE0C534E2E478C1800E81BB3 /* SpotifyConnectionStatusView.swift in Sources */ = {isa = PBXBuildFile; fileRef = BE0C52ED2E478C1800E81BB3 /* SpotifyConnectionStatusView.swift */; };
		BE0C534F2E478C1800E81BB3 /* TunerData.swift in Sources */ = {isa = PBXBuildFile; fileRef = BE0C52C32E478C1800E81BB3 /* TunerData.swift */; };
		BE0C53502E478C1800E81BB3 /* Frequency.swift in Sources */ = {isa = PBXBuildFile; fileRef = BE0C52C02E478C1800E81BB3 /* Frequency.swift */; };
		BE0C53512E478C1800E81BB3 /* FlexibleModels.swift in Sources */ = {isa = PBXBuildFile; fileRef = BE0C52C92E478C1800E81BB3 /* FlexibleModels.swift */; };
		BE0C53522E478C1800E81BB3 /* ReadingPassageSessionView.swift in Sources */ = {isa = PBXBuildFile; fileRef = BE0C52E72E478C1800E81BB3 /* ReadingPassageSessionView.swift */; };
		BE0C53532E478C1800E81BB3 /* CurrentNoteMarker.swift in Sources */ = {isa = PBXBuildFile; fileRef = BE0C52FB2E478C1800E81BB3 /* CurrentNoteMarker.swift */; };
		BE0C53542E478C1800E81BB3 /* ReadingPassageViewModel.swift in Sources */ = {isa = PBXBuildFile; fileRef = BE0C52E42E478C1800E81BB3 /* ReadingPassageViewModel.swift */; };
		BEB611382E43B5F80052712A /* SpotifyiOS.xcframework in Frameworks */ = {isa = PBXBuildFile; fileRef = BEB611372E43B5F80052712A /* SpotifyiOS.xcframework */; };
		BEB611392E43B5F80052712A /* SpotifyiOS.xcframework in Embed Frameworks */ = {isa = PBXBuildFile; fileRef = BEB611372E43B5F80052712A /* SpotifyiOS.xcframework */; settings = {ATTRIBUTES = (CodeSignOnCopy, RemoveHeadersOnCopy, ); }; };
		BEB611472E43D47A0052712A /* FrequencyFinder-Bridging-Header.h in Resources */ = {isa = PBXBuildFile; fileRef = BEB611462E43D47A0052712A /* FrequencyFinder-Bridging-Header.h */; };
		BEB611482E43D47A0052712A /* FrequencyFinder-Bridging-Header.h in Resources */ = {isa = PBXBuildFile; fileRef = BEB611462E43D47A0052712A /* FrequencyFinder-Bridging-Header.h */; };
/* End PBXBuildFile section */

/* Begin PBXContainerItemProxy section */
		8F3ECD052682821E00415B9F /* PBXContainerItemProxy */ = {
			isa = PBXContainerItemProxy;
			containerPortal = 8FB571A525B72146007C28BC /* Project object */;
			proxyType = 1;
			remoteGlobalIDString = 8F3ECD022682821E00415B9F;
			remoteInfo = "Zen Tuner WatchKit Extension";
		};
		8FE56CDF25BE05D20038664C /* PBXContainerItemProxy */ = {
			isa = PBXContainerItemProxy;
			containerPortal = 8FB571A525B72146007C28BC /* Project object */;
			proxyType = 1;
			remoteGlobalIDString = 8FB571B025B72147007C28BC;
			remoteInfo = "ZenTuner (iOS)";
		};
/* End PBXContainerItemProxy section */

/* Begin PBXCopyFilesBuildPhase section */
		8F3ECD192682822100415B9F /* Embed Foundation Extensions */ = {
			isa = PBXCopyFilesBuildPhase;
			buildActionMask = 2147483647;
			dstPath = "";
			dstSubfolderSpec = 13;
			files = (
				8F3ECD042682821E00415B9F /* Frequency Finder WatchKit Extension.appex in Embed Foundation Extensions */,
			);
			name = "Embed Foundation Extensions";
			runOnlyForDeploymentPostprocessing = 0;
		};
		BEB6113A2E43B5F80052712A /* Embed Frameworks */ = {
			isa = PBXCopyFilesBuildPhase;
			buildActionMask = 2147483647;
			dstPath = "";
			dstSubfolderSpec = 10;
			files = (
				BEB611392E43B5F80052712A /* SpotifyiOS.xcframework in Embed Frameworks */,
			);
			name = "Embed Frameworks";
			runOnlyForDeploymentPostprocessing = 0;
		};
/* End PBXCopyFilesBuildPhase section */

/* Begin PBXFileReference section */
		21E9A5572AFDC0CE00673532 /* Settings.bundle */ = {isa = PBXFileReference; lastKnownFileType = "wrapper.plug-in"; path = Settings.bundle; sourceTree = "<group>"; };
		8F13E1C125ED533800C3F23D /* ClosestNoteTests.swift */ = {isa = PBXFileReference; fileEncoding = 4; lastKnownFileType = sourcecode.swift; path = ClosestNoteTests.swift; sourceTree = "<group>"; };
		8F3ECCF82682821900415B9F /* Frequency Finder watchOS.app */ = {isa = PBXFileReference; explicitFileType = wrapper.application; includeInIndex = 0; path = "Frequency Finder watchOS.app"; sourceTree = BUILT_PRODUCTS_DIR; };
		8F3ECD032682821E00415B9F /* Frequency Finder WatchKit Extension.appex */ = {isa = PBXFileReference; explicitFileType = "wrapper.app-extension"; includeInIndex = 0; path = "Frequency Finder WatchKit Extension.appex"; sourceTree = BUILT_PRODUCTS_DIR; };
		8F3ECD132682822100415B9F /* Info.plist */ = {isa = PBXFileReference; lastKnownFileType = text.plist.xml; path = Info.plist; sourceTree = "<group>"; };
		8F3ECD2F26828B3400415B9F /* Info.plist */ = {isa = PBXFileReference; lastKnownFileType = text.plist.xml; path = Info.plist; sourceTree = "<group>"; };
		8F560A3B2698963E000B33BF /* macOS.entitlements */ = {isa = PBXFileReference; lastKnownFileType = text.plist.entitlements; path = macOS.entitlements; sourceTree = "<group>"; };
		8F560A3C2698963E000B33BF /* Info.plist */ = {isa = PBXFileReference; lastKnownFileType = text.plist.xml; path = Info.plist; sourceTree = "<group>"; };
		8F848C86269365D30037EF97 /* MatchedNoteViewSnapshotTests.swift */ = {isa = PBXFileReference; lastKnownFileType = sourcecode.swift; path = MatchedNoteViewSnapshotTests.swift; sourceTree = "<group>"; };
		8F8F67CC25C0938F0024B4CB /* TunerViewSnapshotTests.swift */ = {isa = PBXFileReference; fileEncoding = 4; lastKnownFileType = sourcecode.swift; path = TunerViewSnapshotTests.swift; sourceTree = "<group>"; };
		8FB571AC25B72147007C28BC /* Assets.xcassets */ = {isa = PBXFileReference; lastKnownFileType = folder.assetcatalog; path = Assets.xcassets; sourceTree = "<group>"; };
		8FB571B125B72147007C28BC /* FrequencyFinder.app */ = {isa = PBXFileReference; explicitFileType = wrapper.application; includeInIndex = 0; path = FrequencyFinder.app; sourceTree = BUILT_PRODUCTS_DIR; };
		8FB571B425B72147007C28BC /* Info.plist */ = {isa = PBXFileReference; lastKnownFileType = text.plist.xml; path = Info.plist; sourceTree = "<group>"; };
		8FD5D592267849A000E5577D /* MicrophonePitchDetector */ = {isa = PBXFileReference; lastKnownFileType = folder; name = MicrophonePitchDetector; path = Packages/MicrophonePitchDetector; sourceTree = "<group>"; };
		8FE56CDA25BE05D20038664C /* FrequencyFinderTests.xctest */ = {isa = PBXFileReference; explicitFileType = wrapper.cfbundle; includeInIndex = 0; path = FrequencyFinderTests.xctest; sourceTree = BUILT_PRODUCTS_DIR; };
		8FE56CDC25BE05D20038664C /* TranspositionTests.swift */ = {isa = PBXFileReference; lastKnownFileType = sourcecode.swift; path = TranspositionTests.swift; sourceTree = "<group>"; };
		8FE56CDE25BE05D20038664C /* Info.plist */ = {isa = PBXFileReference; lastKnownFileType = text.plist.xml; path = Info.plist; sourceTree = "<group>"; };
		BE0C52BC2E478C1800E81BB3 /* AppDelegate.swift */ = {isa = PBXFileReference; lastKnownFileType = sourcecode.swift; path = AppDelegate.swift; sourceTree = "<group>"; };
		BE0C52BD2E478C1800E81BB3 /* FrequencyFinder.swift */ = {isa = PBXFileReference; lastKnownFileType = sourcecode.swift; path = FrequencyFinder.swift; sourceTree = "<group>"; };
		BE0C52BE2E478C1800E81BB3 /* TunerScreen.swift */ = {isa = PBXFileReference; lastKnownFileType = sourcecode.swift; path = TunerScreen.swift; sourceTree = "<group>"; };
		BE0C52C02E478C1800E81BB3 /* Frequency.swift */ = {isa = PBXFileReference; lastKnownFileType = sourcecode.swift; path = Frequency.swift; sourceTree = "<group>"; };
		BE0C52C12E478C1800E81BB3 /* PitchTracker.swift */ = {isa = PBXFileReference; lastKnownFileType = sourcecode.swift; path = PitchTracker.swift; sourceTree = "<group>"; };
		BE0C52C22E478C1800E81BB3 /* Recorder.swift */ = {isa = PBXFileReference; lastKnownFileType = sourcecode.swift; path = Recorder.swift; sourceTree = "<group>"; };
		BE0C52C32E478C1800E81BB3 /* TunerData.swift */ = {isa = PBXFileReference; lastKnownFileType = sourcecode.swift; path = TunerData.swift; sourceTree = "<group>"; };
		BE0C52C52E478C1800E81BB3 /* ModifierPreference.swift */ = {isa = PBXFileReference; lastKnownFileType = sourcecode.swift; path = ModifierPreference.swift; sourceTree = "<group>"; };
		BE0C52C62E478C1800E81BB3 /* NoteMatcher.swift */ = {isa = PBXFileReference; lastKnownFileType = sourcecode.swift; path = NoteMatcher.swift; sourceTree = "<group>"; };
		BE0C52C72E478C1800E81BB3 /* ScaleNote.swift */ = {isa = PBXFileReference; lastKnownFileType = sourcecode.swift; path = ScaleNote.swift; sourceTree = "<group>"; };
		BE0C52C92E478C1800E81BB3 /* FlexibleModels.swift */ = {isa = PBXFileReference; lastKnownFileType = sourcecode.swift; path = FlexibleModels.swift; sourceTree = "<group>"; };
		BE0C52CA2E478C1800E81BB3 /* SpotifyModels.swift */ = {isa = PBXFileReference; lastKnownFileType = sourcecode.swift; path = SpotifyModels.swift; sourceTree = "<group>"; };
		BE0C52CC2E478C1800E81BB3 /* ReadingPassage.swift */ = {isa = PBXFileReference; lastKnownFileType = sourcecode.swift; path = ReadingPassage.swift; sourceTree = "<group>"; };
		BE0C52CD2E478C1800E81BB3 /* UserProfile.swift */ = {isa = PBXFileReference; lastKnownFileType = sourcecode.swift; path = UserProfile.swift; sourceTree = "<group>"; };
		BE0C52D62E478C1800E81BB3 /* SpotifyAuth.swift */ = {isa = PBXFileReference; lastKnownFileType = sourcecode.swift; path = SpotifyAuth.swift; sourceTree = "<group>"; };
		BE0C52D72E478C1800E81BB3 /* SpotifyDataPersistence.swift */ = {isa = PBXFileReference; lastKnownFileType = sourcecode.swift; path = SpotifyDataPersistence.swift; sourceTree = "<group>"; };
		BE0C52D82E478C1800E81BB3 /* SpotifyManager.swift */ = {isa = PBXFileReference; lastKnownFileType = sourcecode.swift; path = SpotifyManager.swift; sourceTree = "<group>"; };
		BE0C52D92E478C1800E81BB3 /* SpotifyNetworking.swift */ = {isa = PBXFileReference; lastKnownFileType = sourcecode.swift; path = SpotifyNetworking.swift; sourceTree = "<group>"; };
		BE0C52DB2E478C1800E81BB3 /* UserProfileManager.swift */ = {isa = PBXFileReference; lastKnownFileType = sourcecode.swift; path = UserProfileManager.swift; sourceTree = "<group>"; };
		BE0C52DE2E478C1800E81BB3 /* StatisticsCalculator.swift */ = {isa = PBXFileReference; lastKnownFileType = sourcecode.swift; path = StatisticsCalculator.swift; sourceTree = "<group>"; };
		BE0C52E12E478C1800E81BB3 /* ProfileView.swift */ = {isa = PBXFileReference; lastKnownFileType = sourcecode.swift; path = ProfileView.swift; sourceTree = "<group>"; };
		BE0C52E42E478C1800E81BB3 /* ReadingPassageViewModel.swift */ = {isa = PBXFileReference; lastKnownFileType = sourcecode.swift; path = ReadingPassageViewModel.swift; sourceTree = "<group>"; };
		BE0C52E52E478C1800E81BB3 /* WebReadingPassageViewModel.swift */ = {isa = PBXFileReference; lastKnownFileType = sourcecode.swift; path = WebReadingPassageViewModel.swift; sourceTree = "<group>"; };
		BE0C52E72E478C1800E81BB3 /* ReadingPassageSessionView.swift */ = {isa = PBXFileReference; lastKnownFileType = sourcecode.swift; path = ReadingPassageSessionView.swift; sourceTree = "<group>"; };
		BE0C52E82E478C1800E81BB3 /* ReadingPassageWebView.swift */ = {isa = PBXFileReference; lastKnownFileType = sourcecode.swift; path = ReadingPassageWebView.swift; sourceTree = "<group>"; };
		BE0C52E92E478C1800E81BB3 /* WebReadingPassageSessionView.swift */ = {isa = PBXFileReference; lastKnownFileType = sourcecode.swift; path = WebReadingPassageSessionView.swift; sourceTree = "<group>"; };
		BE0C52EC2E478C1800E81BB3 /* SpotifyAuthenticationView.swift */ = {isa = PBXFileReference; lastKnownFileType = sourcecode.swift; path = SpotifyAuthenticationView.swift; sourceTree = "<group>"; };
		BE0C52ED2E478C1800E81BB3 /* SpotifyConnectionStatusView.swift */ = {isa = PBXFileReference; lastKnownFileType = sourcecode.swift; path = SpotifyConnectionStatusView.swift; sourceTree = "<group>"; };
		BE0C52EE2E478C1800E81BB3 /* SpotifyDataTabView.swift */ = {isa = PBXFileReference; lastKnownFileType = sourcecode.swift; path = SpotifyDataTabView.swift; sourceTree = "<group>"; };
		BE0C52EF2E478C1800E81BB3 /* SpotifyToolbarMenu.swift */ = {isa = PBXFileReference; lastKnownFileType = sourcecode.swift; path = SpotifyToolbarMenu.swift; sourceTree = "<group>"; };
		BE0C52F02E478C1800E81BB3 /* SpotifyUIComponents.swift */ = {isa = PBXFileReference; lastKnownFileType = sourcecode.swift; path = SpotifyUIComponents.swift; sourceTree = "<group>"; };
		BE0C52F22E478C1800E81BB3 /* SpotifyArtistsTabView.swift */ = {isa = PBXFileReference; lastKnownFileType = sourcecode.swift; path = SpotifyArtistsTabView.swift; sourceTree = "<group>"; };
		BE0C52F32E478C1800E81BB3 /* SpotifyPlaylistsTabView.swift */ = {isa = PBXFileReference; lastKnownFileType = sourcecode.swift; path = SpotifyPlaylistsTabView.swift; sourceTree = "<group>"; };
		BE0C52F42E478C1800E81BB3 /* SpotifyProfileTabView.swift */ = {isa = PBXFileReference; lastKnownFileType = sourcecode.swift; path = SpotifyProfileTabView.swift; sourceTree = "<group>"; };
		BE0C52F52E478C1800E81BB3 /* SpotifyRecentTabView.swift */ = {isa = PBXFileReference; lastKnownFileType = sourcecode.swift; path = SpotifyRecentTabView.swift; sourceTree = "<group>"; };
		BE0C52F62E478C1800E81BB3 /* SpotifyTracksTabView.swift */ = {isa = PBXFileReference; lastKnownFileType = sourcecode.swift; path = SpotifyTracksTabView.swift; sourceTree = "<group>"; };
		BE0C52F72E478C1800E81BB3 /* SpotifyView.swift */ = {isa = PBXFileReference; lastKnownFileType = sourcecode.swift; path = SpotifyView.swift; sourceTree = "<group>"; };
		BE0C52FB2E478C1800E81BB3 /* CurrentNoteMarker.swift */ = {isa = PBXFileReference; lastKnownFileType = sourcecode.swift; path = CurrentNoteMarker.swift; sourceTree = "<group>"; };
		BE0C52FC2E478C1800E81BB3 /* MainNoteView.swift */ = {isa = PBXFileReference; lastKnownFileType = sourcecode.swift; path = MainNoteView.swift; sourceTree = "<group>"; };
		BE0C52FD2E478C1800E81BB3 /* MatchedNoteFrequency.swift */ = {isa = PBXFileReference; lastKnownFileType = sourcecode.swift; path = MatchedNoteFrequency.swift; sourceTree = "<group>"; };
		BE0C52FE2E478C1800E81BB3 /* MatchedNoteView.swift */ = {isa = PBXFileReference; lastKnownFileType = sourcecode.swift; path = MatchedNoteView.swift; sourceTree = "<group>"; };
		BE0C52FF2E478C1800E81BB3 /* NoteDistanceMarkers.swift */ = {isa = PBXFileReference; lastKnownFileType = sourcecode.swift; path = NoteDistanceMarkers.swift; sourceTree = "<group>"; };
		BE0C53002E478C1800E81BB3 /* NoteTicks.swift */ = {isa = PBXFileReference; lastKnownFileType = sourcecode.swift; path = NoteTicks.swift; sourceTree = "<group>"; };
		BE0C53012E478C1800E81BB3 /* NoteView.swift */ = {isa = PBXFileReference; lastKnownFileType = sourcecode.swift; path = NoteView.swift; sourceTree = "<group>"; };
		BE0C53032E478C1800E81BB3 /* TunerView.swift */ = {isa = PBXFileReference; lastKnownFileType = sourcecode.swift; path = TunerView.swift; sourceTree = "<group>"; };
		BE0C53072E478C1800E81BB3 /* Alignment.swift */ = {isa = PBXFileReference; lastKnownFileType = sourcecode.swift; path = Alignment.swift; sourceTree = "<group>"; };
		BE0C53082E478C1800E81BB3 /* Color+MusicalDistance.swift */ = {isa = PBXFileReference; lastKnownFileType = sourcecode.swift; path = "Color+MusicalDistance.swift"; sourceTree = "<group>"; };
		BE0C530A2E478C1800E81BB3 /* PitchComparisonBar.swift */ = {isa = PBXFileReference; lastKnownFileType = sourcecode.swift; path = PitchComparisonBar.swift; sourceTree = "<group>"; };
		BE0C530B2E478C1800E81BB3 /* SineWaveView.swift */ = {isa = PBXFileReference; lastKnownFileType = sourcecode.swift; path = SineWaveView.swift; sourceTree = "<group>"; };
		BE0C530D2E478C1800E81BB3 /* F0TrendChartView.swift */ = {isa = PBXFileReference; lastKnownFileType = sourcecode.swift; path = F0TrendChartView.swift; sourceTree = "<group>"; };
		BE0C530E2E478C1800E81BB3 /* FFTDebugView.swift */ = {isa = PBXFileReference; lastKnownFileType = sourcecode.swift; path = FFTDebugView.swift; sourceTree = "<group>"; };
		BE0C530F2E478C1800E81BB3 /* MicrophoneAccessAlert.swift */ = {isa = PBXFileReference; lastKnownFileType = sourcecode.swift; path = MicrophoneAccessAlert.swift; sourceTree = "<group>"; };
		BE0C53102E478C1800E81BB3 /* OnboardingView.swift */ = {isa = PBXFileReference; lastKnownFileType = sourcecode.swift; path = OnboardingView.swift; sourceTree = "<group>"; };
		BE0C53112E478C1800E81BB3 /* SessionHistoryView.swift */ = {isa = PBXFileReference; lastKnownFileType = sourcecode.swift; path = SessionHistoryView.swift; sourceTree = "<group>"; };
		BE0C53122E478C1800E81BB3 /* SparklineView.swift */ = {isa = PBXFileReference; lastKnownFileType = sourcecode.swift; path = SparklineView.swift; sourceTree = "<group>"; };
		BE0C53132E478C1800E81BB3 /* TranspositionMenu.swift */ = {isa = PBXFileReference; lastKnownFileType = sourcecode.swift; path = TranspositionMenu.swift; sourceTree = "<group>"; };
		BE0C53142E478C1800E81BB3 /* WebView.swift */ = {isa = PBXFileReference; lastKnownFileType = sourcecode.swift; path = WebView.swift; sourceTree = "<group>"; };
		BEB6112D2E3BE63A0052712A /* OpenDyslexic3-Regular.ttf */ = {isa = PBXFileReference; lastKnownFileType = file; path = "OpenDyslexic3-Regular.ttf"; sourceTree = "<group>"; };
		BEB611372E43B5F80052712A /* SpotifyiOS.xcframework */ = {isa = PBXFileReference; expectedSignature = "AppleDeveloperProgram:2FNC3A47ZF:Spotify"; lastKnownFileType = wrapper.xcframework; name = SpotifyiOS.xcframework; path = "../../Downloads/ios-sdk-3.0.0/SpotifyiOS.xcframework"; sourceTree = "<group>"; };
		BEB611462E43D47A0052712A /* FrequencyFinder-Bridging-Header.h */ = {isa = PBXFileReference; lastKnownFileType = sourcecode.c.h; path = "FrequencyFinder-Bridging-Header.h"; sourceTree = "<group>"; };
/* End PBXFileReference section */

/* Begin PBXFrameworksBuildPhase section */
		8F3ECD002682821E00415B9F /* Frameworks */ = {
			isa = PBXFrameworksBuildPhase;
			buildActionMask = 2147483647;
			files = (
				8F3ECD2E268287AA00415B9F /* MicrophonePitchDetector in Frameworks */,
			);
			runOnlyForDeploymentPostprocessing = 0;
		};
		8FB571AE25B72147007C28BC /* Frameworks */ = {
			isa = PBXFrameworksBuildPhase;
			buildActionMask = 2147483647;
			files = (
				BEB611382E43B5F80052712A /* SpotifyiOS.xcframework in Frameworks */,
				8FD5D594267849EF00E5577D /* MicrophonePitchDetector in Frameworks */,
			);
			runOnlyForDeploymentPostprocessing = 0;
		};
		8FE56CD725BE05D20038664C /* Frameworks */ = {
			isa = PBXFrameworksBuildPhase;
			buildActionMask = 2147483647;
			files = (
				8F8F67C525C093640024B4CB /* SnapshotTesting in Frameworks */,
			);
			runOnlyForDeploymentPostprocessing = 0;
		};
/* End PBXFrameworksBuildPhase section */

/* Begin PBXGroup section */
		8F3ECCFC2682821900415B9F /* watchOS */ = {
			isa = PBXGroup;
			children = (
				8F3ECD2F26828B3400415B9F /* Info.plist */,
			);
			path = watchOS;
			sourceTree = "<group>";
		};
		8F3ECD072682821E00415B9F /* WatchKit */ = {
			isa = PBXGroup;
			children = (
				8F3ECD132682822100415B9F /* Info.plist */,
			);
			path = WatchKit;
			sourceTree = "<group>";
		};
		8F560A392698963E000B33BF /* BuildSupport */ = {
			isa = PBXGroup;
			children = (
				8F3ECD072682821E00415B9F /* WatchKit */,
				8F3ECCFC2682821900415B9F /* watchOS */,
				8FB571B325B72147007C28BC /* iOS */,
				8F560A3A2698963E000B33BF /* macOS */,
			);
			path = BuildSupport;
			sourceTree = "<group>";
		};
		8F560A3A2698963E000B33BF /* macOS */ = {
			isa = PBXGroup;
			children = (
				8F560A3B2698963E000B33BF /* macOS.entitlements */,
				8F560A3C2698963E000B33BF /* Info.plist */,
			);
			path = macOS;
			sourceTree = "<group>";
		};
		8F8B37602678069400BC3568 /* Packages */ = {
			isa = PBXGroup;
			children = (
				8FD5D592267849A000E5577D /* MicrophonePitchDetector */,
			);
			name = Packages;
			sourceTree = "<group>";
		};
		8FB571A425B72146007C28BC = {
			isa = PBXGroup;
			children = (
				BEB6112D2E3BE63A0052712A /* OpenDyslexic3-Regular.ttf */,
				8F560A392698963E000B33BF /* BuildSupport */,
				8F8B37602678069400BC3568 /* Packages */,
				8FB571A925B72146007C28BC /* FrequencyFinder */,
				8FE56CDB25BE05D20038664C /* FrequencyFinderTests */,
				8FB571B225B72147007C28BC /* Products */,
				8FB5720925B7412B007C28BC /* Frameworks */,
			);
			sourceTree = "<group>";
		};
		8FB571A925B72146007C28BC /* FrequencyFinder */ = {
			isa = PBXGroup;
			children = (
				BEB611462E43D47A0052712A /* FrequencyFinder-Bridging-Header.h */,
				8FB571AC25B72147007C28BC /* Assets.xcassets */,
				BE0C52BF2E478C1800E81BB3 /* App */,
				BE0C52E02E478C1800E81BB3 /* Core */,
				BE0C53062E478C1800E81BB3 /* Features */,
				BE0C53162E478C1800E81BB3 /* Supporting Files */,
			);
			path = FrequencyFinder;
			sourceTree = "<group>";
		};
		8FB571B225B72147007C28BC /* Products */ = {
			isa = PBXGroup;
			children = (
				8FB571B125B72147007C28BC /* FrequencyFinder.app */,
				8FE56CDA25BE05D20038664C /* FrequencyFinderTests.xctest */,
				8F3ECCF82682821900415B9F /* Frequency Finder watchOS.app */,
				8F3ECD032682821E00415B9F /* Frequency Finder WatchKit Extension.appex */,
			);
			name = Products;
			sourceTree = "<group>";
		};
		8FB571B325B72147007C28BC /* iOS */ = {
			isa = PBXGroup;
			children = (
				8FB571B425B72147007C28BC /* Info.plist */,
				21E9A5572AFDC0CE00673532 /* Settings.bundle */,
			);
			path = iOS;
			sourceTree = "<group>";
		};
		8FB5720925B7412B007C28BC /* Frameworks */ = {
			isa = PBXGroup;
			children = (
				BEB611372E43B5F80052712A /* SpotifyiOS.xcframework */,
			);
			name = Frameworks;
			sourceTree = "<group>";
		};
		8FE56CDB25BE05D20038664C /* FrequencyFinderTests */ = {
			isa = PBXGroup;
			children = (
				8FE56CDC25BE05D20038664C /* TranspositionTests.swift */,
				8F13E1C125ED533800C3F23D /* ClosestNoteTests.swift */,
				8F8F67CC25C0938F0024B4CB /* TunerViewSnapshotTests.swift */,
				8F848C86269365D30037EF97 /* MatchedNoteViewSnapshotTests.swift */,
				8FE56CDE25BE05D20038664C /* Info.plist */,
			);
			path = FrequencyFinderTests;
			sourceTree = "<group>";
		};
		BE0C52BF2E478C1800E81BB3 /* App */ = {
			isa = PBXGroup;
			children = (
				BE0C52BC2E478C1800E81BB3 /* AppDelegate.swift */,
				BE0C52BD2E478C1800E81BB3 /* FrequencyFinder.swift */,
				BE0C52BE2E478C1800E81BB3 /* TunerScreen.swift */,
			);
			path = App;
			sourceTree = "<group>";
		};
		BE0C52C42E478C1800E81BB3 /* Audio */ = {
			isa = PBXGroup;
			children = (
				BE0C52C02E478C1800E81BB3 /* Frequency.swift */,
				BE0C52C12E478C1800E81BB3 /* PitchTracker.swift */,
				BE0C52C22E478C1800E81BB3 /* Recorder.swift */,
				BE0C52C32E478C1800E81BB3 /* TunerData.swift */,
			);
			path = Audio;
			sourceTree = "<group>";
		};
		BE0C52C82E478C1800E81BB3 /* Music */ = {
			isa = PBXGroup;
			children = (
				BE0C52C52E478C1800E81BB3 /* ModifierPreference.swift */,
				BE0C52C62E478C1800E81BB3 /* NoteMatcher.swift */,
				BE0C52C72E478C1800E81BB3 /* ScaleNote.swift */,
			);
			path = Music;
			sourceTree = "<group>";
		};
		BE0C52CB2E478C1800E81BB3 /* Spotify */ = {
			isa = PBXGroup;
			children = (
				BE0C52C92E478C1800E81BB3 /* FlexibleModels.swift */,
				BE0C52CA2E478C1800E81BB3 /* SpotifyModels.swift */,
			);
			path = Spotify;
			sourceTree = "<group>";
		};
		BE0C52CE2E478C1800E81BB3 /* User */ = {
			isa = PBXGroup;
			children = (
				BE0C52CC2E478C1800E81BB3 /* ReadingPassage.swift */,
				BE0C52CD2E478C1800E81BB3 /* UserProfile.swift */,
			);
			path = User;
			sourceTree = "<group>";
		};
		BE0C52CF2E478C1800E81BB3 /* Models */ = {
			isa = PBXGroup;
			children = (
				BE0C52C42E478C1800E81BB3 /* Audio */,
				BE0C52C82E478C1800E81BB3 /* Music */,
				BE0C52CB2E478C1800E81BB3 /* Spotify */,
				BE0C52CE2E478C1800E81BB3 /* User */,
			);
			path = Models;
			sourceTree = "<group>";
		};
		BE0C52D02E478C1800E81BB3 /* Audio */ = {
			isa = PBXGroup;
			children = (
			);
			path = Audio;
			sourceTree = "<group>";
		};
		BE0C52DA2E478C1800E81BB3 /* Spotify */ = {
			isa = PBXGroup;
			children = (
				BE0C52D62E478C1800E81BB3 /* SpotifyAuth.swift */,
				BE0C52D72E478C1800E81BB3 /* SpotifyDataPersistence.swift */,
				BE0C52D82E478C1800E81BB3 /* SpotifyManager.swift */,
				BE0C52D92E478C1800E81BB3 /* SpotifyNetworking.swift */,
			);
			path = Spotify;
			sourceTree = "<group>";
		};
		BE0C52DC2E478C1800E81BB3 /* User */ = {
			isa = PBXGroup;
			children = (
				BE0C52DB2E478C1800E81BB3 /* UserProfileManager.swift */,
			);
			path = User;
			sourceTree = "<group>";
		};
		BE0C52DD2E478C1800E81BB3 /* Services */ = {
			isa = PBXGroup;
			children = (
				BE0C52D02E478C1800E81BB3 /* Audio */,
				BE0C52DA2E478C1800E81BB3 /* Spotify */,
				BE0C52DC2E478C1800E81BB3 /* User */,
			);
			path = Services;
			sourceTree = "<group>";
		};
		BE0C52DF2E478C1800E81BB3 /* Utilities */ = {
			isa = PBXGroup;
			children = (
				BE0C52DE2E478C1800E81BB3 /* StatisticsCalculator.swift */,
			);
			path = Utilities;
			sourceTree = "<group>";
		};
		BE0C52E02E478C1800E81BB3 /* Core */ = {
			isa = PBXGroup;
			children = (
				BE0C52CF2E478C1800E81BB3 /* Models */,
				BE0C52DD2E478C1800E81BB3 /* Services */,
				BE0C52DF2E478C1800E81BB3 /* Utilities */,
			);
			path = Core;
			sourceTree = "<group>";
		};
		BE0C52E22E478C1800E81BB3 /* Views */ = {
			isa = PBXGroup;
			children = (
				BE0C52E12E478C1800E81BB3 /* ProfileView.swift */,
			);
			path = Views;
			sourceTree = "<group>";
		};
		BE0C52E32E478C1800E81BB3 /* Profile */ = {
			isa = PBXGroup;
			children = (
				BE0C52E22E478C1800E81BB3 /* Views */,
			);
			path = Profile;
			sourceTree = "<group>";
		};
		BE0C52E62E478C1800E81BB3 /* ViewModels */ = {
			isa = PBXGroup;
			children = (
				BE0C52E42E478C1800E81BB3 /* ReadingPassageViewModel.swift */,
				BE0C52E52E478C1800E81BB3 /* WebReadingPassageViewModel.swift */,
			);
			path = ViewModels;
			sourceTree = "<group>";
		};
		BE0C52EA2E478C1800E81BB3 /* Views */ = {
			isa = PBXGroup;
			children = (
				BE0C52E72E478C1800E81BB3 /* ReadingPassageSessionView.swift */,
				BE0C52E82E478C1800E81BB3 /* ReadingPassageWebView.swift */,
				BE0C52E92E478C1800E81BB3 /* WebReadingPassageSessionView.swift */,
			);
			path = Views;
			sourceTree = "<group>";
		};
		BE0C52EB2E478C1800E81BB3 /* ReadingPassage */ = {
			isa = PBXGroup;
			children = (
				BE0C52E62E478C1800E81BB3 /* ViewModels */,
				BE0C52EA2E478C1800E81BB3 /* Views */,
			);
			path = ReadingPassage;
			sourceTree = "<group>";
		};
		BE0C52F12E478C1800E81BB3 /* Components */ = {
			isa = PBXGroup;
			children = (
				BE0C52EC2E478C1800E81BB3 /* SpotifyAuthenticationView.swift */,
				BE0C52ED2E478C1800E81BB3 /* SpotifyConnectionStatusView.swift */,
				BE0C52EE2E478C1800E81BB3 /* SpotifyDataTabView.swift */,
				BE0C52EF2E478C1800E81BB3 /* SpotifyToolbarMenu.swift */,
				BE0C52F02E478C1800E81BB3 /* SpotifyUIComponents.swift */,
			);
			path = Components;
			sourceTree = "<group>";
		};
		BE0C52F82E478C1800E81BB3 /* Views */ = {
			isa = PBXGroup;
			children = (
				BE0C52F12E478C1800E81BB3 /* Components */,
				BE0C52F22E478C1800E81BB3 /* SpotifyArtistsTabView.swift */,
				BE0C52F32E478C1800E81BB3 /* SpotifyPlaylistsTabView.swift */,
				BE0C52F42E478C1800E81BB3 /* SpotifyProfileTabView.swift */,
				BE0C52F52E478C1800E81BB3 /* SpotifyRecentTabView.swift */,
				BE0C52F62E478C1800E81BB3 /* SpotifyTracksTabView.swift */,
				BE0C52F72E478C1800E81BB3 /* SpotifyView.swift */,
			);
			path = Views;
			sourceTree = "<group>";
		};
		BE0C52F92E478C1800E81BB3 /* Spotify */ = {
			isa = PBXGroup;
			children = (
				BE0C52F82E478C1800E81BB3 /* Views */,
			);
			path = Spotify;
			sourceTree = "<group>";
		};
		BE0C52FA2E478C1800E81BB3 /* ViewModels */ = {
			isa = PBXGroup;
			children = (
			);
			path = ViewModels;
			sourceTree = "<group>";
		};
		BE0C53022E478C1800E81BB3 /* NoteView */ = {
			isa = PBXGroup;
			children = (
				BE0C52FB2E478C1800E81BB3 /* CurrentNoteMarker.swift */,
				BE0C52FC2E478C1800E81BB3 /* MainNoteView.swift */,
				BE0C52FD2E478C1800E81BB3 /* MatchedNoteFrequency.swift */,
				BE0C52FE2E478C1800E81BB3 /* MatchedNoteView.swift */,
				BE0C52FF2E478C1800E81BB3 /* NoteDistanceMarkers.swift */,
				BE0C53002E478C1800E81BB3 /* NoteTicks.swift */,
				BE0C53012E478C1800E81BB3 /* NoteView.swift */,
			);
			path = NoteView;
			sourceTree = "<group>";
		};
		BE0C53042E478C1800E81BB3 /* Views */ = {
			isa = PBXGroup;
			children = (
				BE0C53022E478C1800E81BB3 /* NoteView */,
				BE0C53032E478C1800E81BB3 /* TunerView.swift */,
			);
			path = Views;
			sourceTree = "<group>";
		};
		BE0C53052E478C1800E81BB3 /* Tuner */ = {
			isa = PBXGroup;
			children = (
				BE0C52FA2E478C1800E81BB3 /* ViewModels */,
				BE0C53042E478C1800E81BB3 /* Views */,
			);
			path = Tuner;
			sourceTree = "<group>";
		};
		BE0C53062E478C1800E81BB3 /* Features */ = {
			isa = PBXGroup;
			children = (
				BE0C52E32E478C1800E81BB3 /* Profile */,
				BE0C52EB2E478C1800E81BB3 /* ReadingPassage */,
				BE0C52F92E478C1800E81BB3 /* Spotify */,
				BE0C53052E478C1800E81BB3 /* Tuner */,
			);
			path = Features;
			sourceTree = "<group>";
		};
		BE0C53092E478C1800E81BB3 /* Helpers */ = {
			isa = PBXGroup;
			children = (
				BE0C53072E478C1800E81BB3 /* Alignment.swift */,
				BE0C53082E478C1800E81BB3 /* Color+MusicalDistance.swift */,
			);
			path = Helpers;
			sourceTree = "<group>";
		};
		BE0C530C2E478C1800E81BB3 /* Visualizers */ = {
			isa = PBXGroup;
			children = (
				BE0C530A2E478C1800E81BB3 /* PitchComparisonBar.swift */,
				BE0C530B2E478C1800E81BB3 /* SineWaveView.swift */,
			);
			path = Visualizers;
			sourceTree = "<group>";
		};
		BE0C53152E478C1800E81BB3 /* Views */ = {
			isa = PBXGroup;
			children = (
				BE0C530C2E478C1800E81BB3 /* Visualizers */,
				BE0C530D2E478C1800E81BB3 /* F0TrendChartView.swift */,
				BE0C530E2E478C1800E81BB3 /* FFTDebugView.swift */,
				BE0C530F2E478C1800E81BB3 /* MicrophoneAccessAlert.swift */,
				BE0C53102E478C1800E81BB3 /* OnboardingView.swift */,
				BE0C53112E478C1800E81BB3 /* SessionHistoryView.swift */,
				BE0C53122E478C1800E81BB3 /* SparklineView.swift */,
				BE0C53132E478C1800E81BB3 /* TranspositionMenu.swift */,
				BE0C53142E478C1800E81BB3 /* WebView.swift */,
			);
			path = Views;
			sourceTree = "<group>";
		};
		BE0C53162E478C1800E81BB3 /* Supporting Files */ = {
			isa = PBXGroup;
			children = (
				BE0C53092E478C1800E81BB3 /* Helpers */,
				BE0C53152E478C1800E81BB3 /* Views */,
			);
			path = "Supporting Files";
			sourceTree = "<group>";
		};
/* End PBXGroup section */

/* Begin PBXNativeTarget section */
		8F3ECCF72682821900415B9F /* Frequency Finder watchOS */ = {
			isa = PBXNativeTarget;
			buildConfigurationList = 8F3ECD1D2682822100415B9F /* Build configuration list for PBXNativeTarget "Frequency Finder watchOS" */;
			buildPhases = (
				8F3ECCF62682821900415B9F /* Resources */,
				8F3ECD192682822100415B9F /* Embed Foundation Extensions */,
			);
			buildRules = (
			);
			dependencies = (
				8F3ECD062682821E00415B9F /* PBXTargetDependency */,
			);
			name = "Frequency Finder watchOS";
			productName = "Zen Tuner watchOS";
			productReference = 8F3ECCF82682821900415B9F /* Frequency Finder watchOS.app */;
			productType = "com.apple.product-type.application.watchapp2";
		};
		8F3ECD022682821E00415B9F /* Frequency Finder WatchKit Extension */ = {
			isa = PBXNativeTarget;
			buildConfigurationList = 8F3ECD1C2682822100415B9F /* Build configuration list for PBXNativeTarget "Frequency Finder WatchKit Extension" */;
			buildPhases = (
				8F3ECCFF2682821E00415B9F /* Sources */,
				8F3ECD002682821E00415B9F /* Frameworks */,
				8F3ECD012682821E00415B9F /* Resources */,
			);
			buildRules = (
			);
			dependencies = (
			);
			name = "Frequency Finder WatchKit Extension";
			packageProductDependencies = (
				8F3ECD2D268287AA00415B9F /* MicrophonePitchDetector */,
			);
			productName = "Zen Tuner WatchKit Extension";
			productReference = 8F3ECD032682821E00415B9F /* Frequency Finder WatchKit Extension.appex */;
			productType = "com.apple.product-type.watchkit2-extension";
		};
		8FB571B025B72147007C28BC /* Frequency Finder */ = {
			isa = PBXNativeTarget;
			buildConfigurationList = 8FB571C525B72147007C28BC /* Build configuration list for PBXNativeTarget "Frequency Finder" */;
			buildPhases = (
				8FB571AD25B72147007C28BC /* Sources */,
				8FB571AE25B72147007C28BC /* Frameworks */,
				8FB571AF25B72147007C28BC /* Resources */,
				BEB6113A2E43B5F80052712A /* Embed Frameworks */,
			);
			buildRules = (
			);
			dependencies = (
			);
			name = "Frequency Finder";
			packageProductDependencies = (
				8FD5D593267849EF00E5577D /* MicrophonePitchDetector */,
			);
			productName = "ZenTuner (iOS)";
			productReference = 8FB571B125B72147007C28BC /* FrequencyFinder.app */;
			productType = "com.apple.product-type.application";
		};
		8FE56CD925BE05D20038664C /* FrequencyFinderTests */ = {
			isa = PBXNativeTarget;
			buildConfigurationList = 8FE56CE325BE05D20038664C /* Build configuration list for PBXNativeTarget "FrequencyFinderTests" */;
			buildPhases = (
				8FE56CD625BE05D20038664C /* Sources */,
				8FE56CD725BE05D20038664C /* Frameworks */,
				8FE56CD825BE05D20038664C /* Resources */,
			);
			buildRules = (
			);
			dependencies = (
				8FE56CE025BE05D20038664C /* PBXTargetDependency */,
			);
			name = FrequencyFinderTests;
			packageProductDependencies = (
				8F8F67C425C093640024B4CB /* SnapshotTesting */,
			);
			productName = ZenTunerTests;
			productReference = 8FE56CDA25BE05D20038664C /* FrequencyFinderTests.xctest */;
			productType = "com.apple.product-type.bundle.unit-test";
		};
/* End PBXNativeTarget section */

/* Begin PBXProject section */
		8FB571A525B72146007C28BC /* Project object */ = {
			isa = PBXProject;
			attributes = {
				BuildIndependentTargetsInParallel = YES;
				LastSwiftUpdateCheck = 1300;
				LastUpgradeCheck = 1620;
				TargetAttributes = {
					8F3ECCF72682821900415B9F = {
						CreatedOnToolsVersion = 13.0;
						LastSwiftMigration = 1300;
					};
					8F3ECD022682821E00415B9F = {
						CreatedOnToolsVersion = 13.0;
					};
					8FB571B025B72147007C28BC = {
						CreatedOnToolsVersion = 12.2;
					};
					8FE56CD925BE05D20038664C = {
						CreatedOnToolsVersion = 12.2;
						TestTargetID = 8FB571B025B72147007C28BC;
					};
				};
			};
			buildConfigurationList = 8FB571A825B72146007C28BC /* Build configuration list for PBXProject "FrequencyFinder" */;
			compatibilityVersion = "Xcode 9.3";
			developmentRegion = en;
			hasScannedForEncodings = 0;
			knownRegions = (
				en,
				Base,
			);
			mainGroup = 8FB571A425B72146007C28BC;
			packageReferences = (
				8F8F67C325C093640024B4CB /* XCRemoteSwiftPackageReference "swift-snapshot-testing" */,
			);
			productRefGroup = 8FB571B225B72147007C28BC /* Products */;
			projectDirPath = "";
			projectRoot = "";
			targets = (
				8FB571B025B72147007C28BC /* Frequency Finder */,
				8F3ECCF72682821900415B9F /* Frequency Finder watchOS */,
				8F3ECD022682821E00415B9F /* Frequency Finder WatchKit Extension */,
				8FE56CD925BE05D20038664C /* FrequencyFinderTests */,
			);
		};
/* End PBXProject section */

/* Begin PBXResourcesBuildPhase section */
		8F3ECCF62682821900415B9F /* Resources */ = {
			isa = PBXResourcesBuildPhase;
			buildActionMask = 2147483647;
			files = (
				8FABB9102683AAD000A7D824 /* Assets.xcassets in Resources */,
			);
			runOnlyForDeploymentPostprocessing = 0;
		};
		8F3ECD012682821E00415B9F /* Resources */ = {
			isa = PBXResourcesBuildPhase;
			buildActionMask = 2147483647;
			files = (
				BEB611472E43D47A0052712A /* FrequencyFinder-Bridging-Header.h in Resources */,
			);
			runOnlyForDeploymentPostprocessing = 0;
		};
		8FB571AF25B72147007C28BC /* Resources */ = {
			isa = PBXResourcesBuildPhase;
			buildActionMask = 2147483647;
			files = (
				21E9A5582AFDC0CE00673532 /* Settings.bundle in Resources */,
				8FB571C125B72147007C28BC /* Assets.xcassets in Resources */,
				BEB611482E43D47A0052712A /* FrequencyFinder-Bridging-Header.h in Resources */,
			);
			runOnlyForDeploymentPostprocessing = 0;
		};
		8FE56CD825BE05D20038664C /* Resources */ = {
			isa = PBXResourcesBuildPhase;
			buildActionMask = 2147483647;
			files = (
			);
			runOnlyForDeploymentPostprocessing = 0;
		};
/* End PBXResourcesBuildPhase section */

/* Begin PBXSourcesBuildPhase section */
		8F3ECCFF2682821E00415B9F /* Sources */ = {
			isa = PBXSourcesBuildPhase;
			buildActionMask = 2147483647;
			files = (
			);
			runOnlyForDeploymentPostprocessing = 0;
		};
		8FB571AD25B72147007C28BC /* Sources */ = {
			isa = PBXSourcesBuildPhase;
			buildActionMask = 2147483647;
			files = (
				BE0C53172E478C1800E81BB3 /* SpotifyDataPersistence.swift in Sources */,
				BE0C53182E478C1800E81BB3 /* Recorder.swift in Sources */,
				BE0C53192E478C1800E81BB3 /* TunerScreen.swift in Sources */,
				BE0C531B2E478C1800E81BB3 /* Color+MusicalDistance.swift in Sources */,
				BE0C531C2E478C1800E81BB3 /* SpotifyNetworking.swift in Sources */,
				BE0C531E2E478C1800E81BB3 /* OnboardingView.swift in Sources */,
				BE0C531F2E478C1800E81BB3 /* AppDelegate.swift in Sources */,
				BE0C53202E478C1800E81BB3 /* PitchComparisonBar.swift in Sources */,
				BE0C53212E478C1800E81BB3 /* ScaleNote.swift in Sources */,
				BE0C53222E478C1800E81BB3 /* FrequencyFinder.swift in Sources */,
				BE0C53232E478C1800E81BB3 /* TranspositionMenu.swift in Sources */,
				BE0C53242E478C1800E81BB3 /* SessionHistoryView.swift in Sources */,
				BE0C53252E478C1800E81BB3 /* UserProfile.swift in Sources */,
				BE0C53262E478C1800E81BB3 /* MatchedNoteFrequency.swift in Sources */,
				BE0C53272E478C1800E81BB3 /* MatchedNoteView.swift in Sources */,
				BE0C53282E478C1800E81BB3 /* SineWaveView.swift in Sources */,
				BE0C53292E478C1800E81BB3 /* MainNoteView.swift in Sources */,
				BE0C532A2E478C1800E81BB3 /* SpotifyPlaylistsTabView.swift in Sources */,
				BE0C532B2E478C1800E81BB3 /* StatisticsCalculator.swift in Sources */,
				BE0C532C2E478C1800E81BB3 /* SpotifyAuth.swift in Sources */,
				BE0C532D2E478C1800E81BB3 /* WebView.swift in Sources */,
				BE0C532E2E478C1800E81BB3 /* FFTDebugView.swift in Sources */,
				BE0C532F2E478C1800E81BB3 /* TunerView.swift in Sources */,
				BE0C53302E478C1800E81BB3 /* SparklineView.swift in Sources */,
				BE0C53312E478C1800E81BB3 /* WebReadingPassageViewModel.swift in Sources */,
				BE0C53322E478C1800E81BB3 /* SpotifyRecentTabView.swift in Sources */,
				BE0C53332E478C1800E81BB3 /* SpotifyToolbarMenu.swift in Sources */,
				BE0C53342E478C1800E81BB3 /* ProfileView.swift in Sources */,
				BE0C53352E478C1800E81BB3 /* SpotifyArtistsTabView.swift in Sources */,
				BE0C53362E478C1800E81BB3 /* NoteTicks.swift in Sources */,
				BE0C53372E478C1800E81BB3 /* ModifierPreference.swift in Sources */,
				BE0C53382E478C1800E81BB3 /* ReadingPassageWebView.swift in Sources */,
				BE0C53392E478C1800E81BB3 /* WebReadingPassageSessionView.swift in Sources */,
				BE0C533A2E478C1800E81BB3 /* SpotifyAuthenticationView.swift in Sources */,
				BE0C533B2E478C1800E81BB3 /* SpotifyTracksTabView.swift in Sources */,
				BE0C533C2E478C1800E81BB3 /* NoteDistanceMarkers.swift in Sources */,
				BE0C533D2E478C1800E81BB3 /* MicrophoneAccessAlert.swift in Sources */,
				BE0C53402E478C1800E81BB3 /* UserProfileManager.swift in Sources */,
				BE0C53412E478C1800E81BB3 /* SpotifyManager.swift in Sources */,
				BE0C53422E478C1800E81BB3 /* NoteView.swift in Sources */,
				BE0C53432E478C1800E81BB3 /* SpotifyUIComponents.swift in Sources */,
				BE0C53442E478C1800E81BB3 /* SpotifyProfileTabView.swift in Sources */,
				BE0C53452E478C1800E81BB3 /* SpotifyModels.swift in Sources */,
				BE0C53462E478C1800E81BB3 /* NoteMatcher.swift in Sources */,
				BE0C53472E478C1800E81BB3 /* SpotifyDataTabView.swift in Sources */,
				BE0C53482E478C1800E81BB3 /* PitchTracker.swift in Sources */,
				BE0C53492E478C1800E81BB3 /* Alignment.swift in Sources */,
				BE0C534A2E478C1800E81BB3 /* ReadingPassage.swift in Sources */,
				BE0C534B2E478C1800E81BB3 /* SpotifyView.swift in Sources */,
				BE0C534C2E478C1800E81BB3 /* F0TrendChartView.swift in Sources */,
				BE0C534E2E478C1800E81BB3 /* SpotifyConnectionStatusView.swift in Sources */,
				BE0C534F2E478C1800E81BB3 /* TunerData.swift in Sources */,
				BE0C53502E478C1800E81BB3 /* Frequency.swift in Sources */,
				BE0C53512E478C1800E81BB3 /* FlexibleModels.swift in Sources */,
				BE0C53522E478C1800E81BB3 /* ReadingPassageSessionView.swift in Sources */,
				BE0C53532E478C1800E81BB3 /* CurrentNoteMarker.swift in Sources */,
				BE0C53542E478C1800E81BB3 /* ReadingPassageViewModel.swift in Sources */,
			);
			runOnlyForDeploymentPostprocessing = 0;
		};
		8FE56CD625BE05D20038664C /* Sources */ = {
			isa = PBXSourcesBuildPhase;
			buildActionMask = 2147483647;
			files = (
				8FE56CDD25BE05D20038664C /* TranspositionTests.swift in Sources */,
				8F8F67CD25C0938F0024B4CB /* TunerViewSnapshotTests.swift in Sources */,
				8F13E1C225ED533800C3F23D /* ClosestNoteTests.swift in Sources */,
				8F848C87269365D30037EF97 /* MatchedNoteViewSnapshotTests.swift in Sources */,
			);
			runOnlyForDeploymentPostprocessing = 0;
		};
/* End PBXSourcesBuildPhase section */

/* Begin PBXTargetDependency section */
		8F3ECD062682821E00415B9F /* PBXTargetDependency */ = {
			isa = PBXTargetDependency;
			target = 8F3ECD022682821E00415B9F /* Frequency Finder WatchKit Extension */;
			targetProxy = 8F3ECD052682821E00415B9F /* PBXContainerItemProxy */;
		};
		8FE56CE025BE05D20038664C /* PBXTargetDependency */ = {
			isa = PBXTargetDependency;
			target = 8FB571B025B72147007C28BC /* Frequency Finder */;
			targetProxy = 8FE56CDF25BE05D20038664C /* PBXContainerItemProxy */;
		};
/* End PBXTargetDependency section */

/* Begin XCBuildConfiguration section */
		8F3ECD172682822100415B9F /* Debug */ = {
			isa = XCBuildConfiguration;
			buildSettings = {
				ASSETCATALOG_COMPILER_APPICON_NAME = AppIcon;
				ASSETCATALOG_COMPILER_GLOBAL_ACCENT_COLOR_NAME = AccentColor;
				CODE_SIGN_STYLE = Automatic;
				CURRENT_PROJECT_VERSION = 15;
				DEVELOPMENT_TEAM = PFGM5X4HD6;
				GENERATE_INFOPLIST_FILE = YES;
				IBSC_MODULE = Zen_Tuner_WatchKit_Extension;
				INFOPLIST_FILE = BuildSupport/watchOS/Info.plist;
				INFOPLIST_KEY_CFBundleDisplayName = "Zen Tuner";
				INFOPLIST_KEY_CFBundleExecutable = "Zen Tuner watchOS";
				INFOPLIST_KEY_CFBundleName = "Zen Tuner watchOS";
				INFOPLIST_KEY_CFBundleVersion = 15;
				INFOPLIST_KEY_NSMicrophoneUsageDescription = "We use the microphone as an input device to the tuner.";
				INFOPLIST_KEY_UISupportedInterfaceOrientations = "UIInterfaceOrientationPortrait UIInterfaceOrientationPortraitUpsideDown";
				MARKETING_VERSION = 0.3.0;
				PRODUCT_BUNDLE_IDENTIFIER = com.davidnyman.frequencyfinder.watchkitapp;
				PRODUCT_NAME = "$(TARGET_NAME)";
				SDKROOT = watchos;
				SKIP_INSTALL = YES;
				SWIFT_EMIT_LOC_STRINGS = YES;
				SWIFT_VERSION = 5.0;
				TARGETED_DEVICE_FAMILY = 4;
				WATCHOS_DEPLOYMENT_TARGET = 9.0;
			};
			name = Debug;
		};
		8F3ECD182682822100415B9F /* Release */ = {
			isa = XCBuildConfiguration;
			buildSettings = {
				ASSETCATALOG_COMPILER_APPICON_NAME = AppIcon;
				ASSETCATALOG_COMPILER_GLOBAL_ACCENT_COLOR_NAME = AccentColor;
				CODE_SIGN_STYLE = Automatic;
				CURRENT_PROJECT_VERSION = 15;
				DEVELOPMENT_TEAM = PFGM5X4HD6;
				GENERATE_INFOPLIST_FILE = YES;
				IBSC_MODULE = Zen_Tuner_WatchKit_Extension;
				INFOPLIST_FILE = BuildSupport/watchOS/Info.plist;
				INFOPLIST_KEY_CFBundleDisplayName = "Zen Tuner";
				INFOPLIST_KEY_CFBundleExecutable = "Zen Tuner watchOS";
				INFOPLIST_KEY_CFBundleName = "Zen Tuner watchOS";
				INFOPLIST_KEY_CFBundleVersion = 15;
				INFOPLIST_KEY_NSMicrophoneUsageDescription = "We use the microphone as an input device to the tuner.";
				INFOPLIST_KEY_UISupportedInterfaceOrientations = "UIInterfaceOrientationPortrait UIInterfaceOrientationPortraitUpsideDown";
				MARKETING_VERSION = 0.3.0;
				PRODUCT_BUNDLE_IDENTIFIER = com.davidnyman.frequencyfinder.watchkitapp;
				PRODUCT_NAME = "$(TARGET_NAME)";
				SDKROOT = watchos;
				SKIP_INSTALL = YES;
				SWIFT_EMIT_LOC_STRINGS = YES;
				SWIFT_VERSION = 5.0;
				TARGETED_DEVICE_FAMILY = 4;
				VALIDATE_PRODUCT = YES;
				WATCHOS_DEPLOYMENT_TARGET = 9.0;
			};
			name = Release;
		};
		8F3ECD1A2682822100415B9F /* Debug */ = {
			isa = XCBuildConfiguration;
			buildSettings = {
				ASSETCATALOG_COMPILER_COMPLICATION_NAME = Complication;
				CODE_SIGN_STYLE = Automatic;
				CURRENT_PROJECT_VERSION = 15;
				DEVELOPMENT_ASSET_PATHS = "";
				DEVELOPMENT_TEAM = PFGM5X4HD6;
				ENABLE_PREVIEWS = YES;
				GENERATE_INFOPLIST_FILE = YES;
				INFOPLIST_FILE = BuildSupport/WatchKit/Info.plist;
				INFOPLIST_KEY_CFBundleDisplayName = "Zen Tuner WatchKit Extension";
				INFOPLIST_KEY_CFBundleExecutable = "Zen Tuner WatchKit Extension";
				INFOPLIST_KEY_CFBundleName = "Zen Tuner WatchKit Extension";
				INFOPLIST_KEY_CFBundleVersion = 15;
				INFOPLIST_KEY_NSHumanReadableCopyright = "";
				INFOPLIST_KEY_WKWatchOnly = YES;
				LD_RUNPATH_SEARCH_PATHS = (
					"$(inherited)",
					"@executable_path/Frameworks",
					"@executable_path/../../Frameworks",
				);
				MARKETING_VERSION = 0.3.0;
				PRODUCT_BUNDLE_IDENTIFIER = com.davidnyman.frequencyfinder.watchkitapp.watchkitextension;
				PRODUCT_NAME = "${TARGET_NAME}";
				SDKROOT = watchos;
				SKIP_INSTALL = YES;
				SWIFT_EMIT_LOC_STRINGS = YES;
				SWIFT_VERSION = 5.0;
				TARGETED_DEVICE_FAMILY = 4;
				WATCHOS_DEPLOYMENT_TARGET = 9.0;
			};
			name = Debug;
		};
		8F3ECD1B2682822100415B9F /* Release */ = {
			isa = XCBuildConfiguration;
			buildSettings = {
				ASSETCATALOG_COMPILER_COMPLICATION_NAME = Complication;
				CODE_SIGN_STYLE = Automatic;
				CURRENT_PROJECT_VERSION = 15;
				DEVELOPMENT_ASSET_PATHS = "";
				DEVELOPMENT_TEAM = PFGM5X4HD6;
				ENABLE_PREVIEWS = YES;
				GENERATE_INFOPLIST_FILE = YES;
				INFOPLIST_FILE = BuildSupport/WatchKit/Info.plist;
				INFOPLIST_KEY_CFBundleDisplayName = "Zen Tuner WatchKit Extension";
				INFOPLIST_KEY_CFBundleExecutable = "Zen Tuner WatchKit Extension";
				INFOPLIST_KEY_CFBundleName = "Zen Tuner WatchKit Extension";
				INFOPLIST_KEY_CFBundleVersion = 15;
				INFOPLIST_KEY_NSHumanReadableCopyright = "";
				INFOPLIST_KEY_WKWatchOnly = YES;
				LD_RUNPATH_SEARCH_PATHS = (
					"$(inherited)",
					"@executable_path/Frameworks",
					"@executable_path/../../Frameworks",
				);
				MARKETING_VERSION = 0.3.0;
				PRODUCT_BUNDLE_IDENTIFIER = com.davidnyman.frequencyfinder.watchkitapp.watchkitextension;
				PRODUCT_NAME = "${TARGET_NAME}";
				SDKROOT = watchos;
				SKIP_INSTALL = YES;
				SWIFT_EMIT_LOC_STRINGS = YES;
				SWIFT_VERSION = 5.0;
				TARGETED_DEVICE_FAMILY = 4;
				VALIDATE_PRODUCT = YES;
				WATCHOS_DEPLOYMENT_TARGET = 9.0;
			};
			name = Release;
		};
		8FB571C325B72147007C28BC /* Debug */ = {
			isa = XCBuildConfiguration;
			buildSettings = {
				ALWAYS_SEARCH_USER_PATHS = NO;
				ASSETCATALOG_COMPILER_GENERATE_SWIFT_ASSET_SYMBOL_EXTENSIONS = YES;
				CLANG_ANALYZER_NONNULL = YES;
				CLANG_ANALYZER_NUMBER_OBJECT_CONVERSION = YES_AGGRESSIVE;
				CLANG_CXX_LANGUAGE_STANDARD = "gnu++14";
				CLANG_CXX_LIBRARY = "libc++";
				CLANG_ENABLE_MODULES = YES;
				CLANG_ENABLE_OBJC_ARC = YES;
				CLANG_ENABLE_OBJC_WEAK = YES;
				CLANG_WARN_BLOCK_CAPTURE_AUTORELEASING = YES;
				CLANG_WARN_BOOL_CONVERSION = YES;
				CLANG_WARN_COMMA = YES;
				CLANG_WARN_CONSTANT_CONVERSION = YES;
				CLANG_WARN_DEPRECATED_OBJC_IMPLEMENTATIONS = YES;
				CLANG_WARN_DIRECT_OBJC_ISA_USAGE = YES_ERROR;
				CLANG_WARN_DOCUMENTATION_COMMENTS = YES;
				CLANG_WARN_EMPTY_BODY = YES;
				CLANG_WARN_ENUM_CONVERSION = YES;
				CLANG_WARN_INFINITE_RECURSION = YES;
				CLANG_WARN_INT_CONVERSION = YES;
				CLANG_WARN_NON_LITERAL_NULL_CONVERSION = YES;
				CLANG_WARN_OBJC_IMPLICIT_RETAIN_SELF = YES;
				CLANG_WARN_OBJC_LITERAL_CONVERSION = YES;
				CLANG_WARN_OBJC_ROOT_CLASS = YES_ERROR;
				CLANG_WARN_QUOTED_INCLUDE_IN_FRAMEWORK_HEADER = YES;
				CLANG_WARN_RANGE_LOOP_ANALYSIS = YES;
				CLANG_WARN_STRICT_PROTOTYPES = YES;
				CLANG_WARN_SUSPICIOUS_MOVE = YES;
				CLANG_WARN_UNGUARDED_AVAILABILITY = YES_AGGRESSIVE;
				CLANG_WARN_UNREACHABLE_CODE = YES;
				CLANG_WARN__DUPLICATE_METHOD_MATCH = YES;
				COPY_PHASE_STRIP = NO;
				CURRENT_PROJECT_VERSION = 15;
				DEAD_CODE_STRIPPING = YES;
				DEBUG_INFORMATION_FORMAT = dwarf;
				ENABLE_STRICT_OBJC_MSGSEND = YES;
				ENABLE_TESTABILITY = YES;
				ENABLE_USER_SCRIPT_SANDBOXING = YES;
				GCC_C_LANGUAGE_STANDARD = gnu11;
				GCC_DYNAMIC_NO_PIC = NO;
				GCC_NO_COMMON_BLOCKS = YES;
				GCC_OPTIMIZATION_LEVEL = 0;
				GCC_PREPROCESSOR_DEFINITIONS = (
					"DEBUG=1",
					"$(inherited)",
				);
				GCC_WARN_64_TO_32_BIT_CONVERSION = YES;
				GCC_WARN_ABOUT_RETURN_TYPE = YES_ERROR;
				GCC_WARN_UNDECLARED_SELECTOR = YES;
				GCC_WARN_UNINITIALIZED_AUTOS = YES_AGGRESSIVE;
				GCC_WARN_UNUSED_FUNCTION = YES;
				GCC_WARN_UNUSED_VARIABLE = YES;
				MTL_ENABLE_DEBUG_INFO = INCLUDE_SOURCE;
				MTL_FAST_MATH = YES;
				ONLY_ACTIVE_ARCH = YES;
				SWIFT_ACTIVE_COMPILATION_CONDITIONS = DEBUG;
				SWIFT_OPTIMIZATION_LEVEL = "-Onone";
				VERSIONING_SYSTEM = "apple-generic";
			};
			name = Debug;
		};
		8FB571C425B72147007C28BC /* Release */ = {
			isa = XCBuildConfiguration;
			buildSettings = {
				ALWAYS_SEARCH_USER_PATHS = NO;
				ASSETCATALOG_COMPILER_GENERATE_SWIFT_ASSET_SYMBOL_EXTENSIONS = YES;
				CLANG_ANALYZER_NONNULL = YES;
				CLANG_ANALYZER_NUMBER_OBJECT_CONVERSION = YES_AGGRESSIVE;
				CLANG_CXX_LANGUAGE_STANDARD = "gnu++14";
				CLANG_CXX_LIBRARY = "libc++";
				CLANG_ENABLE_MODULES = YES;
				CLANG_ENABLE_OBJC_ARC = YES;
				CLANG_ENABLE_OBJC_WEAK = YES;
				CLANG_WARN_BLOCK_CAPTURE_AUTORELEASING = YES;
				CLANG_WARN_BOOL_CONVERSION = YES;
				CLANG_WARN_COMMA = YES;
				CLANG_WARN_CONSTANT_CONVERSION = YES;
				CLANG_WARN_DEPRECATED_OBJC_IMPLEMENTATIONS = YES;
				CLANG_WARN_DIRECT_OBJC_ISA_USAGE = YES_ERROR;
				CLANG_WARN_DOCUMENTATION_COMMENTS = YES;
				CLANG_WARN_EMPTY_BODY = YES;
				CLANG_WARN_ENUM_CONVERSION = YES;
				CLANG_WARN_INFINITE_RECURSION = YES;
				CLANG_WARN_INT_CONVERSION = YES;
				CLANG_WARN_NON_LITERAL_NULL_CONVERSION = YES;
				CLANG_WARN_OBJC_IMPLICIT_RETAIN_SELF = YES;
				CLANG_WARN_OBJC_LITERAL_CONVERSION = YES;
				CLANG_WARN_OBJC_ROOT_CLASS = YES_ERROR;
				CLANG_WARN_QUOTED_INCLUDE_IN_FRAMEWORK_HEADER = YES;
				CLANG_WARN_RANGE_LOOP_ANALYSIS = YES;
				CLANG_WARN_STRICT_PROTOTYPES = YES;
				CLANG_WARN_SUSPICIOUS_MOVE = YES;
				CLANG_WARN_UNGUARDED_AVAILABILITY = YES_AGGRESSIVE;
				CLANG_WARN_UNREACHABLE_CODE = YES;
				CLANG_WARN__DUPLICATE_METHOD_MATCH = YES;
				COPY_PHASE_STRIP = NO;
				CURRENT_PROJECT_VERSION = 15;
				DEAD_CODE_STRIPPING = YES;
				DEBUG_INFORMATION_FORMAT = "dwarf-with-dsym";
				ENABLE_NS_ASSERTIONS = NO;
				ENABLE_STRICT_OBJC_MSGSEND = YES;
				ENABLE_USER_SCRIPT_SANDBOXING = YES;
				GCC_C_LANGUAGE_STANDARD = gnu11;
				GCC_NO_COMMON_BLOCKS = YES;
				GCC_WARN_64_TO_32_BIT_CONVERSION = YES;
				GCC_WARN_ABOUT_RETURN_TYPE = YES_ERROR;
				GCC_WARN_UNDECLARED_SELECTOR = YES;
				GCC_WARN_UNINITIALIZED_AUTOS = YES_AGGRESSIVE;
				GCC_WARN_UNUSED_FUNCTION = YES;
				GCC_WARN_UNUSED_VARIABLE = YES;
				MTL_ENABLE_DEBUG_INFO = NO;
				MTL_FAST_MATH = YES;
				SWIFT_COMPILATION_MODE = wholemodule;
				SWIFT_OPTIMIZATION_LEVEL = "-O";
				VERSIONING_SYSTEM = "apple-generic";
			};
			name = Release;
		};
		8FB571C625B72147007C28BC /* Debug */ = {
			isa = XCBuildConfiguration;
			buildSettings = {
				ASSETCATALOG_COMPILER_APPICON_NAME = AppIcon;
				ASSETCATALOG_COMPILER_GLOBAL_ACCENT_COLOR_NAME = AccentColor;
				CODE_SIGN_STYLE = Automatic;
				CURRENT_PROJECT_VERSION = 15;
				DEVELOPMENT_TEAM = PFGM5X4HD6;
				ENABLE_PREVIEWS = YES;
				INFOPLIST_FILE = BuildSupport/iOS/Info.plist;
				IPHONEOS_DEPLOYMENT_TARGET = 16.0;
				LD_RUNPATH_SEARCH_PATHS = (
					"$(inherited)",
					"@executable_path/Frameworks",
				);
				MACOSX_DEPLOYMENT_TARGET = 13.0;
				MARKETING_VERSION = 0.3.0;
				OTHER_LDFLAGS = "-ObjC";
				PRODUCT_BUNDLE_IDENTIFIER = DNSLP.FrequencyFinder;
				PRODUCT_NAME = FrequencyFinder;
				SDKROOT = iphoneos;
				SUPPORTED_PLATFORMS = "iphoneos iphonesimulator macosx xros xrsimulator";
				SUPPORTS_MACCATALYST = NO;
				SUPPORTS_MAC_DESIGNED_FOR_IPHONE_IPAD = NO;
				SUPPORTS_XR_DESIGNED_FOR_IPHONE_IPAD = NO;
				SWIFT_OBJC_BRIDGING_HEADER = "FrequencyFinder/FrequencyFinder-Bridging-Header.h";
				SWIFT_VERSION = 5.0;
				TARGETED_DEVICE_FAMILY = "1,2,7";
				VERSIONING_SYSTEM = "apple-generic";
			};
			name = Debug;
		};
		8FB571C725B72147007C28BC /* Release */ = {
			isa = XCBuildConfiguration;
			buildSettings = {
				ASSETCATALOG_COMPILER_APPICON_NAME = AppIcon;
				ASSETCATALOG_COMPILER_GLOBAL_ACCENT_COLOR_NAME = AccentColor;
				CODE_SIGN_STYLE = Automatic;
				CURRENT_PROJECT_VERSION = 15;
				DEVELOPMENT_TEAM = PFGM5X4HD6;
				ENABLE_PREVIEWS = YES;
				INFOPLIST_FILE = BuildSupport/iOS/Info.plist;
				IPHONEOS_DEPLOYMENT_TARGET = 16.0;
				LD_RUNPATH_SEARCH_PATHS = (
					"$(inherited)",
					"@executable_path/Frameworks",
				);
				MACOSX_DEPLOYMENT_TARGET = 13.0;
				MARKETING_VERSION = 0.3.0;
				OTHER_LDFLAGS = "-ObjC";
				PRODUCT_BUNDLE_IDENTIFIER = DNSLP.FrequencyFinder;
				PRODUCT_NAME = FrequencyFinder;
				SDKROOT = iphoneos;
				SUPPORTED_PLATFORMS = "iphoneos iphonesimulator macosx xros xrsimulator";
				SUPPORTS_MACCATALYST = NO;
				SUPPORTS_MAC_DESIGNED_FOR_IPHONE_IPAD = NO;
				SUPPORTS_XR_DESIGNED_FOR_IPHONE_IPAD = NO;
				SWIFT_OBJC_BRIDGING_HEADER = "FrequencyFinder/FrequencyFinder-Bridging-Header.h";
				SWIFT_VERSION = 5.0;
				TARGETED_DEVICE_FAMILY = "1,2,7";
				VALIDATE_PRODUCT = YES;
				VERSIONING_SYSTEM = "apple-generic";
			};
			name = Release;
		};
		8FE56CE125BE05D20038664C /* Debug */ = {
			isa = XCBuildConfiguration;
			buildSettings = {
				BUNDLE_LOADER = "$(TEST_HOST)";
				CODE_SIGN_STYLE = Automatic;
				CURRENT_PROJECT_VERSION = 15;
				DEVELOPMENT_TEAM = PFGM5X4HD6;
				INFOPLIST_FILE = ZenTunerTests/Info.plist;
				IPHONEOS_DEPLOYMENT_TARGET = 16.0;
				LD_RUNPATH_SEARCH_PATHS = (
					"$(inherited)",
					"@executable_path/Frameworks",
					"@loader_path/Frameworks",
				);
				MACOSX_DEPLOYMENT_TARGET = 13.0;
				PRODUCT_BUNDLE_IDENTIFIER = com.davidnyman.frequencyfinder.tunerTests;
				PRODUCT_NAME = "$(TARGET_NAME)";
				SDKROOT = iphoneos;
				SUPPORTED_PLATFORMS = "iphoneos iphonesimulator macosx";
				SUPPORTS_MACCATALYST = NO;
				SUPPORTS_MAC_DESIGNED_FOR_IPHONE_IPAD = NO;
				SWIFT_VERSION = 5.0;
				TARGETED_DEVICE_FAMILY = "1,2,7";
				TEST_HOST = "$(BUILT_PRODUCTS_DIR)/FrequencyFinder.app/FrequencyFinder";
				VERSIONING_SYSTEM = "apple-generic";
			};
			name = Debug;
		};
		8FE56CE225BE05D20038664C /* Release */ = {
			isa = XCBuildConfiguration;
			buildSettings = {
				BUNDLE_LOADER = "$(TEST_HOST)";
				CODE_SIGN_STYLE = Automatic;
				CURRENT_PROJECT_VERSION = 15;
				DEVELOPMENT_TEAM = PFGM5X4HD6;
				INFOPLIST_FILE = ZenTunerTests/Info.plist;
				IPHONEOS_DEPLOYMENT_TARGET = 16.0;
				LD_RUNPATH_SEARCH_PATHS = (
					"$(inherited)",
					"@executable_path/Frameworks",
					"@loader_path/Frameworks",
				);
				MACOSX_DEPLOYMENT_TARGET = 13.0;
				PRODUCT_BUNDLE_IDENTIFIER = com.davidnyman.frequencyfinder.tunerTests;
				PRODUCT_NAME = "$(TARGET_NAME)";
				SDKROOT = iphoneos;
				SUPPORTED_PLATFORMS = "iphoneos iphonesimulator macosx";
				SUPPORTS_MACCATALYST = NO;
				SUPPORTS_MAC_DESIGNED_FOR_IPHONE_IPAD = NO;
				SWIFT_VERSION = 5.0;
				TARGETED_DEVICE_FAMILY = "1,2,7";
				TEST_HOST = "$(BUILT_PRODUCTS_DIR)/FrequencyFinder.app/FrequencyFinder";
				VALIDATE_PRODUCT = YES;
				VERSIONING_SYSTEM = "apple-generic";
			};
			name = Release;
		};
/* End XCBuildConfiguration section */

/* Begin XCConfigurationList section */
		8F3ECD1C2682822100415B9F /* Build configuration list for PBXNativeTarget "Frequency Finder WatchKit Extension" */ = {
			isa = XCConfigurationList;
			buildConfigurations = (
				8F3ECD1A2682822100415B9F /* Debug */,
				8F3ECD1B2682822100415B9F /* Release */,
			);
			defaultConfigurationIsVisible = 0;
			defaultConfigurationName = Release;
		};
		8F3ECD1D2682822100415B9F /* Build configuration list for PBXNativeTarget "Frequency Finder watchOS" */ = {
			isa = XCConfigurationList;
			buildConfigurations = (
				8F3ECD172682822100415B9F /* Debug */,
				8F3ECD182682822100415B9F /* Release */,
			);
			defaultConfigurationIsVisible = 0;
			defaultConfigurationName = Release;
		};
		8FB571A825B72146007C28BC /* Build configuration list for PBXProject "FrequencyFinder" */ = {
			isa = XCConfigurationList;
			buildConfigurations = (
				8FB571C325B72147007C28BC /* Debug */,
				8FB571C425B72147007C28BC /* Release */,
			);
			defaultConfigurationIsVisible = 0;
			defaultConfigurationName = Release;
		};
		8FB571C525B72147007C28BC /* Build configuration list for PBXNativeTarget "Frequency Finder" */ = {
			isa = XCConfigurationList;
			buildConfigurations = (
				8FB571C625B72147007C28BC /* Debug */,
				8FB571C725B72147007C28BC /* Release */,
			);
			defaultConfigurationIsVisible = 0;
			defaultConfigurationName = Release;
		};
		8FE56CE325BE05D20038664C /* Build configuration list for PBXNativeTarget "FrequencyFinderTests" */ = {
			isa = XCConfigurationList;
			buildConfigurations = (
				8FE56CE125BE05D20038664C /* Debug */,
				8FE56CE225BE05D20038664C /* Release */,
			);
			defaultConfigurationIsVisible = 0;
			defaultConfigurationName = Release;
		};
/* End XCConfigurationList section */

/* Begin XCRemoteSwiftPackageReference section */
		8F8F67C325C093640024B4CB /* XCRemoteSwiftPackageReference "swift-snapshot-testing" */ = {
			isa = XCRemoteSwiftPackageReference;
			repositoryURL = "https://github.com/pointfreeco/swift-snapshot-testing";
			requirement = {
				kind = upToNextMajorVersion;
				minimumVersion = 1.11.0;
			};
		};
/* End XCRemoteSwiftPackageReference section */

/* Begin XCSwiftPackageProductDependency section */
		8F3ECD2D268287AA00415B9F /* MicrophonePitchDetector */ = {
			isa = XCSwiftPackageProductDependency;
			productName = MicrophonePitchDetector;
		};
		8F8F67C425C093640024B4CB /* SnapshotTesting */ = {
			isa = XCSwiftPackageProductDependency;
			package = 8F8F67C325C093640024B4CB /* XCRemoteSwiftPackageReference "swift-snapshot-testing" */;
			productName = SnapshotTesting;
		};
		8FD5D593267849EF00E5577D /* MicrophonePitchDetector */ = {
			isa = XCSwiftPackageProductDependency;
			productName = MicrophonePitchDetector;
		};
/* End XCSwiftPackageProductDependency section */
	};
	rootObject = 8FB571A525B72146007C28BC /* Project object */;
}
